
Microsoft Visual Studio Solution File, Format Version 12.00
# Visual Studio Version 17
VisualStudioVersion = 17.8.34330.188
MinimumVisualStudioVersion = 10.0.40219.1
Project("{FAE04EC0-301F-11D3-BF4B-00C04F79EFBC}") = "Escola", "Escola\Escola.csproj", "{FDB047A7-64D8-480D-81FC-F8F94F374EA4}"
EndProject
Global
	GlobalSection(SolutionConfigurationPlatforms) = preSolution
		Debug|Any CPU = Debug|Any CPU
		Release|Any CPU = Release|Any CPU
	EndGlobalSection
	GlobalSection(ProjectConfigurationPlatforms) = postSolution
		{FDB047A7-64D8-480D-81FC-F8F94F374EA4}.Debug|Any CPU.ActiveCfg = Debug|Any CPU
		{FDB047A7-64D8-480D-81FC-F8F94F374EA4}.Debug|Any CPU.Build.0 = Debug|Any CPU
		{FDB047A7-64D8-480D-81FC-F8F94F374EA4}.Release|Any CPU.ActiveCfg = Release|Any CPU
		{FDB047A7-64D8-480D-81FC-F8F94F374EA4}.Release|Any CPU.Build.0 = Release|Any CPU
	EndGlobalSection
	GlobalSection(SolutionProperties) = preSolution
		HideSolutionNode = FALSE
	EndGlobalSection
	GlobalSection(ExtensibilityGlobals) = postSolution
		SolutionGuid = {FA065E10-3878-4735-8F8B-FA9F5B6A9D08}
	EndGlobalSection
EndGlobal
