
Microsoft Visual Studio Solution File, Format Version 12.00
# Visual Studio Version 17
VisualStudioVersion = 17.8.34330.188
MinimumVisualStudioVersion = 10.0.40219.1
Project("{9A19103F-16F7-4668-BE54-9A1E7A4F7556}") = "Aula2_Asp", "Aula2_Asp.csproj", "{891C6C03-E298-4143-A961-BDA534456E7D}"
EndProject
Global
	GlobalSection(SolutionConfigurationPlatforms) = preSolution
		Debug|Any CPU = Debug|Any CPU
		Release|Any CPU = Release|Any CPU
	EndGlobalSection
	GlobalSection(ProjectConfigurationPlatforms) = postSolution
		{891C6C03-E298-4143-A961-BDA534456E7D}.Debug|Any CPU.ActiveCfg = Debug|Any CPU
		{891C6C03-E298-4143-A961-BDA534456E7D}.Debug|Any CPU.Build.0 = Debug|Any CPU
		{891C6C03-E298-4143-A961-BDA534456E7D}.Release|Any CPU.ActiveCfg = Release|Any CPU
		{891C6C03-E298-4143-A961-BDA534456E7D}.Release|Any CPU.Build.0 = Release|Any CPU
	EndGlobalSection
	GlobalSection(SolutionProperties) = preSolution
		HideSolutionNode = FALSE
	EndGlobalSection
	GlobalSection(ExtensibilityGlobals) = postSolution
		SolutionGuid = {C10D2741-A2F0-4447-AF81-1954DAD45DA9}
	EndGlobalSection
EndGlobal
